// !$*UTF8*$!
{
	archiveVersion = 1;
	classes = {
	};
	objectVersion = 46;
	objects = {

/* Begin PBXBuildFile section */
		385F169E1DBE7F23008E13C6 /* AppDelegate.swift in Sources */ = {isa = PBXBuildFile; fileRef = 385F169D1DBE7F23008E13C6 /* AppDelegate.swift */; };
		385F16A01DBE7F23008E13C6 /* ViewController.swift in Sources */ = {isa = PBXBuildFile; fileRef = 385F169F1DBE7F23008E13C6 /* ViewController.swift */; };
		385F16A31DBE7F23008E13C6 /* Main.storyboard in Resources */ = {isa = PBXBuildFile; fileRef = 385F16A11DBE7F23008E13C6 /* Main.storyboard */; };
		385F16A51DBE7F23008E13C6 /* Assets.xcassets in Resources */ = {isa = PBXBuildFile; fileRef = 385F16A41DBE7F23008E13C6 /* Assets.xcassets */; };
		385F16A81DBE7F23008E13C6 /* LaunchScreen.storyboard in Resources */ = {isa = PBXBuildFile; fileRef = 385F16A61DBE7F23008E13C6 /* LaunchScreen.storyboard */; };
		385F16B31DBE7F23008E13C6 /* MiraclePillTests.swift in Sources */ = {isa = PBXBuildFile; fileRef = 385F16B21DBE7F23008E13C6 /* MiraclePillTests.swift */; };
		385F16BE1DBE7F23008E13C6 /* MiraclePillUITests.swift in Sources */ = {isa = PBXBuildFile; fileRef = 385F16BD1DBE7F23008E13C6 /* MiraclePillUITests.swift */; };
/* End PBXBuildFile section */

/* Begin PBXContainerItemProxy section */
		385F16AF1DBE7F23008E13C6 /* PBXContainerItemProxy */ = {
			isa = PBXContainerItemProxy;
			containerPortal = 385F16921DBE7F22008E13C6 /* Project object */;
			proxyType = 1;
			remoteGlobalIDString = 385F16991DBE7F23008E13C6;
			remoteInfo = MiraclePill;
		};
		385F16BA1DBE7F23008E13C6 /* PBXContainerItemProxy */ = {
			isa = PBXContainerItemProxy;
			containerPortal = 385F16921DBE7F22008E13C6 /* Project object */;
			proxyType = 1;
			remoteGlobalIDString = 385F16991DBE7F23008E13C6;
			remoteInfo = MiraclePill;
		};
/* End PBXContainerItemProxy section */

/* Begin PBXFileReference section */
		385F169A1DBE7F23008E13C6 /* MiraclePill.app */ = {isa = PBXFileReference; explicitFileType = wrapper.application; includeInIndex = 0; path = MiraclePill.app; sourceTree = BUILT_PRODUCTS_DIR; };
		385F169D1DBE7F23008E13C6 /* AppDelegate.swift */ = {isa = PBXFileReference; lastKnownFileType = sourcecode.swift; path = AppDelegate.swift; sourceTree = "<group>"; };
		385F169F1DBE7F23008E13C6 /* ViewController.swift */ = {isa = PBXFileReference; lastKnownFileType = sourcecode.swift; path = ViewController.swift; sourceTree = "<group>"; };
		385F16A21DBE7F23008E13C6 /* Base */ = {isa = PBXFileReference; lastKnownFileType = file.storyboard; name = Base; path = Base.lproj/Main.storyboard; sourceTree = "<group>"; };
		385F16A41DBE7F23008E13C6 /* Assets.xcassets */ = {isa = PBXFileReference; lastKnownFileType = folder.assetcatalog; path = Assets.xcassets; sourceTree = "<group>"; };
		385F16A71DBE7F23008E13C6 /* Base */ = {isa = PBXFileReference; lastKnownFileType = file.storyboard; name = Base; path = Base.lproj/LaunchScreen.storyboard; sourceTree = "<group>"; };
		385F16A91DBE7F23008E13C6 /* Info.plist */ = {isa = PBXFileReference; lastKnownFileType = text.plist.xml; path = Info.plist; sourceTree = "<group>"; };
		385F16AE1DBE7F23008E13C6 /* MiraclePillTests.xctest */ = {isa = PBXFileReference; explicitFileType = wrapper.cfbundle; includeInIndex = 0; path = MiraclePillTests.xctest; sourceTree = BUILT_PRODUCTS_DIR; };
		385F16B21DBE7F23008E13C6 /* MiraclePillTests.swift */ = {isa = PBXFileReference; lastKnownFileType = sourcecode.swift; path = MiraclePillTests.swift; sourceTree = "<group>"; };
		385F16B41DBE7F23008E13C6 /* Info.plist */ = {isa = PBXFileReference; lastKnownFileType = text.plist.xml; path = Info.plist; sourceTree = "<group>"; };
		385F16B91DBE7F23008E13C6 /* MiraclePillUITests.xctest */ = {isa = PBXFileReference; explicitFileType = wrapper.cfbundle; includeInIndex = 0; path = MiraclePillUITests.xctest; sourceTree = BUILT_PRODUCTS_DIR; };
		385F16BD1DBE7F23008E13C6 /* MiraclePillUITests.swift */ = {isa = PBXFileReference; lastKnownFileType = sourcecode.swift; path = MiraclePillUITests.swift; sourceTree = "<group>"; };
		385F16BF1DBE7F23008E13C6 /* Info.plist */ = {isa = PBXFileReference; lastKnownFileType = text.plist.xml; path = Info.plist; sourceTree = "<group>"; };
/* End PBXFileReference section */

/* Begin PBXFrameworksBuildPhase section */
		385F16971DBE7F23008E13C6 /* Frameworks */ = {
			isa = PBXFrameworksBuildPhase;
			buildActionMask = 2147483647;
			files = (
			);
			runOnlyForDeploymentPostprocessing = 0;
		};
		385F16AB1DBE7F23008E13C6 /* Frameworks */ = {
			isa = PBXFrameworksBuildPhase;
			buildActionMask = 2147483647;
			files = (
			);
			runOnlyForDeploymentPostprocessing = 0;
		};
		385F16B61DBE7F23008E13C6 /* Frameworks */ = {
			isa = PBXFrameworksBuildPhase;
			buildActionMask = 2147483647;
			files = (
			);
			runOnlyForDeploymentPostprocessing = 0;
		};
/* End PBXFrameworksBuildPhase section */

/* Begin PBXGroup section */
		385F16911DBE7F22008E13C6 = {
			isa = PBXGroup;
			children = (
				385F169C1DBE7F23008E13C6 /* MiraclePill */,
				385F16B11DBE7F23008E13C6 /* MiraclePillTests */,
				385F16BC1DBE7F23008E13C6 /* MiraclePillUITests */,
				385F169B1DBE7F23008E13C6 /* Products */,
			);
			sourceTree = "<group>";
		};
		385F169B1DBE7F23008E13C6 /* Products */ = {
			isa = PBXGroup;
			children = (
				385F169A1DBE7F23008E13C6 /* MiraclePill.app */,
				385F16AE1DBE7F23008E13C6 /* MiraclePillTests.xctest */,
				385F16B91DBE7F23008E13C6 /* MiraclePillUITests.xctest */,
			);
			name = Products;
			sourceTree = "<group>";
		};
		385F169C1DBE7F23008E13C6 /* MiraclePill */ = {
			isa = PBXGroup;
			children = (
				385F169D1DBE7F23008E13C6 /* AppDelegate.swift */,
				385F169F1DBE7F23008E13C6 /* ViewController.swift */,
				385F16A11DBE7F23008E13C6 /* Main.storyboard */,
				385F16A41DBE7F23008E13C6 /* Assets.xcassets */,
				385F16A61DBE7F23008E13C6 /* LaunchScreen.storyboard */,
				385F16A91DBE7F23008E13C6 /* Info.plist */,
			);
			path = MiraclePill;
			sourceTree = "<group>";
		};
		385F16B11DBE7F23008E13C6 /* MiraclePillTests */ = {
			isa = PBXGroup;
			children = (
				385F16B21DBE7F23008E13C6 /* MiraclePillTests.swift */,
				385F16B41DBE7F23008E13C6 /* Info.plist */,
			);
			path = MiraclePillTests;
			sourceTree = "<group>";
		};
		385F16BC1DBE7F23008E13C6 /* MiraclePillUITests */ = {
			isa = PBXGroup;
			children = (
				385F16BD1DBE7F23008E13C6 /* MiraclePillUITests.swift */,
				385F16BF1DBE7F23008E13C6 /* Info.plist */,
			);
			path = MiraclePillUITests;
			sourceTree = "<group>";
		};
/* End PBXGroup section */

/* Begin PBXNativeTarget section */
		385F16991DBE7F23008E13C6 /* MiraclePill */ = {
			isa = PBXNativeTarget;
			buildConfigurationList = 385F16C21DBE7F23008E13C6 /* Build configuration list for PBXNativeTarget "MiraclePill" */;
			buildPhases = (
				385F16961DBE7F23008E13C6 /* Sources */,
				385F16971DBE7F23008E13C6 /* Frameworks */,
				385F16981DBE7F23008E13C6 /* Resources */,
			);
			buildRules = (
			);
			dependencies = (
			);
			name = MiraclePill;
			productName = MiraclePill;
			productReference = 385F169A1DBE7F23008E13C6 /* MiraclePill.app */;
			productType = "com.apple.product-type.application";
		};
		385F16AD1DBE7F23008E13C6 /* MiraclePillTests */ = {
			isa = PBXNativeTarget;
			buildConfigurationList = 385F16C51DBE7F23008E13C6 /* Build configuration list for PBXNativeTarget "MiraclePillTests" */;
			buildPhases = (
				385F16AA1DBE7F23008E13C6 /* Sources */,
				385F16AB1DBE7F23008E13C6 /* Frameworks */,
				385F16AC1DBE7F23008E13C6 /* Resources */,
			);
			buildRules = (
			);
			dependencies = (
				385F16B01DBE7F23008E13C6 /* PBXTargetDependency */,
			);
			name = MiraclePillTests;
			productName = MiraclePillTests;
			productReference = 385F16AE1DBE7F23008E13C6 /* MiraclePillTests.xctest */;
			productType = "com.apple.product-type.bundle.unit-test";
		};
		385F16B81DBE7F23008E13C6 /* MiraclePillUITests */ = {
			isa = PBXNativeTarget;
			buildConfigurationList = 385F16C81DBE7F23008E13C6 /* Build configuration list for PBXNativeTarget "MiraclePillUITests" */;
			buildPhases = (
				385F16B51DBE7F23008E13C6 /* Sources */,
				385F16B61DBE7F23008E13C6 /* Frameworks */,
				385F16B71DBE7F23008E13C6 /* Resources */,
			);
			buildRules = (
			);
			dependencies = (
				385F16BB1DBE7F23008E13C6 /* PBXTargetDependency */,
			);
			name = MiraclePillUITests;
			productName = MiraclePillUITests;
			productReference = 385F16B91DBE7F23008E13C6 /* MiraclePillUITests.xctest */;
			productType = "com.apple.product-type.bundle.ui-testing";
		};
/* End PBXNativeTarget section */

/* Begin PBXProject section */
		385F16921DBE7F22008E13C6 /* Project object */ = {
			isa = PBXProject;
			attributes = {
				LastSwiftUpdateCheck = 0800;
				LastUpgradeCheck = 0800;
				ORGANIZATIONNAME = Ozair;
				TargetAttributes = {
					385F16991DBE7F23008E13C6 = {
						CreatedOnToolsVersion = 8.0;
						ProvisioningStyle = Automatic;
					};
					385F16AD1DBE7F23008E13C6 = {
						CreatedOnToolsVersion = 8.0;
						ProvisioningStyle = Automatic;
						TestTargetID = 385F16991DBE7F23008E13C6;
					};
					385F16B81DBE7F23008E13C6 = {
						CreatedOnToolsVersion = 8.0;
						ProvisioningStyle = Automatic;
						TestTargetID = 385F16991DBE7F23008E13C6;
					};
				};
			};
			buildConfigurationList = 385F16951DBE7F22008E13C6 /* Build configuration list for PBXProject "MiraclePill" */;
			compatibilityVersion = "Xcode 3.2";
			developmentRegion = English;
			hasScannedForEncodings = 0;
			knownRegions = (
				en,
				Base,
			);
			mainGroup = 385F16911DBE7F22008E13C6;
			productRefGroup = 385F169B1DBE7F23008E13C6 /* Products */;
			projectDirPath = "";
			projectRoot = "";
			targets = (
				385F16991DBE7F23008E13C6 /* MiraclePill */,
				385F16AD1DBE7F23008E13C6 /* MiraclePillTests */,
				385F16B81DBE7F23008E13C6 /* MiraclePillUITests */,
			);
		};
/* End PBXProject section */

/* Begin PBXResourcesBuildPhase section */
		385F16981DBE7F23008E13C6 /* Resources */ = {
			isa = PBXResourcesBuildPhase;
			buildActionMask = 2147483647;
			files = (
				385F16A81DBE7F23008E13C6 /* LaunchScreen.storyboard in Resources */,
				385F16A51DBE7F23008E13C6 /* Assets.xcassets in Resources */,
				385F16A31DBE7F23008E13C6 /* Main.storyboard in Resources */,
			);
			runOnlyForDeploymentPostprocessing = 0;
		};
		385F16AC1DBE7F23008E13C6 /* Resources */ = {
			isa = PBXResourcesBuildPhase;
			buildActionMask = 2147483647;
			files = (
			);
			runOnlyForDeploymentPostprocessing = 0;
		};
		385F16B71DBE7F23008E13C6 /* Resources */ = {
			isa = PBXResourcesBuildPhase;
			buildActionMask = 2147483647;
			files = (
			);
			runOnlyForDeploymentPostprocessing = 0;
		};
/* End PBXResourcesBuildPhase section */

/* Begin PBXSourcesBuildPhase section */
		385F16961DBE7F23008E13C6 /* Sources */ = {
			isa = PBXSourcesBuildPhase;
			buildActionMask = 2147483647;
			files = (
				385F16A01DBE7F23008E13C6 /* ViewController.swift in Sources */,
				385F169E1DBE7F23008E13C6 /* AppDelegate.swift in Sources */,
			);
			runOnlyForDeploymentPostprocessing = 0;
		};
		385F16AA1DBE7F23008E13C6 /* Sources */ = {
			isa = PBXSourcesBuildPhase;
			buildActionMask = 2147483647;
			files = (
				385F16B31DBE7F23008E13C6 /* MiraclePillTests.swift in Sources */,
			);
			runOnlyForDeploymentPostprocessing = 0;
		};
		385F16B51DBE7F23008E13C6 /* Sources */ = {
			isa = PBXSourcesBuildPhase;
			buildActionMask = 2147483647;
			files = (
				385F16BE1DBE7F23008E13C6 /* MiraclePillUITests.swift in Sources */,
			);
			runOnlyForDeploymentPostprocessing = 0;
		};
/* End PBXSourcesBuildPhase section */

/* Begin PBXTargetDependency section */
		385F16B01DBE7F23008E13C6 /* PBXTargetDependency */ = {
			isa = PBXTargetDependency;
			target = 385F16991DBE7F23008E13C6 /* MiraclePill */;
			targetProxy = 385F16AF1DBE7F23008E13C6 /* PBXContainerItemProxy */;
		};
		385F16BB1DBE7F23008E13C6 /* PBXTargetDependency */ = {
			isa = PBXTargetDependency;
			target = 385F16991DBE7F23008E13C6 /* MiraclePill */;
			targetProxy = 385F16BA1DBE7F23008E13C6 /* PBXContainerItemProxy */;
		};
/* End PBXTargetDependency section */

/* Begin PBXVariantGroup section */
		385F16A11DBE7F23008E13C6 /* Main.storyboard */ = {
			isa = PBXVariantGroup;
			children = (
				385F16A21DBE7F23008E13C6 /* Base */,
			);
			name = Main.storyboard;
			sourceTree = "<group>";
		};
		385F16A61DBE7F23008E13C6 /* LaunchScreen.storyboard */ = {
			isa = PBXVariantGroup;
			children = (
				385F16A71DBE7F23008E13C6 /* Base */,
			);
			name = LaunchScreen.storyboard;
			sourceTree = "<group>";
		};
/* End PBXVariantGroup section */

/* Begin XCBuildConfiguration section */
		385F16C01DBE7F23008E13C6 /* Debug */ = {
			isa = XCBuildConfiguration;
			buildSettings = {
				ALWAYS_SEARCH_USER_PATHS = NO;
				CLANG_ANALYZER_NONNULL = YES;
				CLANG_CXX_LANGUAGE_STANDARD = "gnu++0x";
				CLANG_CXX_LIBRARY = "libc++";
				CLANG_ENABLE_MODULES = YES;
				CLANG_ENABLE_OBJC_ARC = YES;
				CLANG_WARN_BOOL_CONVERSION = YES;
				CLANG_WARN_CONSTANT_CONVERSION = YES;
				CLANG_WARN_DIRECT_OBJC_ISA_USAGE = YES_ERROR;
				CLANG_WARN_DOCUMENTATION_COMMENTS = YES;
				CLANG_WARN_EMPTY_BODY = YES;
				CLANG_WARN_ENUM_CONVERSION = YES;
				CLANG_WARN_INFINITE_RECURSION = YES;
				CLANG_WARN_INT_CONVERSION = YES;
				CLANG_WARN_OBJC_ROOT_CLASS = YES_ERROR;
				CLANG_WARN_SUSPICIOUS_MOVES = YES;
				CLANG_WARN_UNREACHABLE_CODE = YES;
				CLANG_WARN__DUPLICATE_METHOD_MATCH = YES;
				"CODE_SIGN_IDENTITY[sdk=iphoneos*]" = "iPhone Developer";
				COPY_PHASE_STRIP = NO;
				DEBUG_INFORMATION_FORMAT = dwarf;
				ENABLE_STRICT_OBJC_MSGSEND = YES;
				ENABLE_TESTABILITY = YES;
				GCC_C_LANGUAGE_STANDARD = gnu99;
				GCC_DYNAMIC_NO_PIC = NO;
				GCC_NO_COMMON_BLOCKS = YES;
				GCC_OPTIMIZATION_LEVEL = 0;
				GCC_PREPROCESSOR_DEFINITIONS = (
					"DEBUG=1",
					"$(inherited)",
				);
				GCC_WARN_64_TO_32_BIT_CONVERSION = YES;
				GCC_WARN_ABOUT_RETURN_TYPE = YES_ERROR;
				GCC_WARN_UNDECLARED_SELECTOR = YES;
				GCC_WARN_UNINITIALIZED_AUTOS = YES_AGGRESSIVE;
				GCC_WARN_UNUSED_FUNCTION = YES;
				GCC_WARN_UNUSED_VARIABLE = YES;
				IPHONEOS_DEPLOYMENT_TARGET = 10.0;
				MTL_ENABLE_DEBUG_INFO = YES;
				ONLY_ACTIVE_ARCH = YES;
				SDKROOT = iphoneos;
				SWIFT_ACTIVE_COMPILATION_CONDITIONS = DEBUG;
				SWIFT_OPTIMIZATION_LEVEL = "-Onone";
				TARGETED_DEVICE_FAMILY = "1,2";
			};
			name = Debug;
		};
		385F16C11DBE7F23008E13C6 /* Release */ = {
			isa = XCBuildConfiguration;
			buildSettings = {
				ALWAYS_SEARCH_USER_PATHS = NO;
				CLANG_ANALYZER_NONNULL = YES;
				CLANG_CXX_LANGUAGE_STANDARD = "gnu++0x";
				CLANG_CXX_LIBRARY = "libc++";
				CLANG_ENABLE_MODULES = YES;
				CLANG_ENABLE_OBJC_ARC = YES;
				CLANG_WARN_BOOL_CONVERSION = YES;
				CLANG_WARN_CONSTANT_CONVERSION = YES;
				CLANG_WARN_DIRECT_OBJC_ISA_USAGE = YES_ERROR;
				CLANG_WARN_DOCUMENTATION_COMMENTS = YES;
				CLANG_WARN_EMPTY_BODY = YES;
				CLANG_WARN_ENUM_CONVERSION = YES;
				CLANG_WARN_INFINITE_RECURSION = YES;
				CLANG_WARN_INT_CONVERSION = YES;
				CLANG_WARN_OBJC_ROOT_CLASS = YES_ERROR;
				CLANG_WARN_SUSPICIOUS_MOVES = YES;
				CLANG_WARN_UNREACHABLE_CODE = YES;
				CLANG_WARN__DUPLICATE_METHOD_MATCH = YES;
				"CODE_SIGN_IDENTITY[sdk=iphoneos*]" = "iPhone Developer";
				COPY_PHASE_STRIP = NO;
				DEBUG_INFORMATION_FORMAT = "dwarf-with-dsym";
				ENABLE_NS_ASSERTIONS = NO;
				ENABLE_STRICT_OBJC_MSGSEND = YES;
				GCC_C_LANGUAGE_STANDARD = gnu99;
				GCC_NO_COMMON_BLOCKS = YES;
				GCC_WARN_64_TO_32_BIT_CONVERSION = YES;
				GCC_WARN_ABOUT_RETURN_TYPE = YES_ERROR;
				GCC_WARN_UNDECLARED_SELECTOR = YES;
				GCC_WARN_UNINITIALIZED_AUTOS = YES_AGGRESSIVE;
				GCC_WARN_UNUSED_FUNCTION = YES;
				GCC_WARN_UNUSED_VARIABLE = YES;
				IPHONEOS_DEPLOYMENT_TARGET = 10.0;
				MTL_ENABLE_DEBUG_INFO = NO;
				SDKROOT = iphoneos;
				SWIFT_OPTIMIZATION_LEVEL = "-Owholemodule";
				TARGETED_DEVICE_FAMILY = "1,2";
				VALIDATE_PRODUCT = YES;
			};
			name = Release;
		};
		385F16C31DBE7F23008E13C6 /* Debug */ = {
			isa = XCBuildConfiguration;
			buildSettings = {
				ASSETCATALOG_COMPILER_APPICON_NAME = AppIcon;
				INFOPLIST_FILE = MiraclePill/Info.plist;
				LD_RUNPATH_SEARCH_PATHS = "$(inherited) @executable_path/Frameworks";
				PRODUCT_BUNDLE_IDENTIFIER = Ozair.MiraclePill;
				PRODUCT_NAME = "$(TARGET_NAME)";
				SWIFT_VERSION = 3.0;
			};
			name = Debug;
		};
		385F16C41DBE7F23008E13C6 /* Release */ = {
			isa = XCBuildConfiguration;
			buildSettings = {
				ASSETCATALOG_COMPILER_APPICON_NAME = AppIcon;
				INFOPLIST_FILE = MiraclePill/Info.plist;
				LD_RUNPATH_SEARCH_PATHS = "$(inherited) @executable_path/Frameworks";
				PRODUCT_BUNDLE_IDENTIFIER = Ozair.MiraclePill;
				PRODUCT_NAME = "$(TARGET_NAME)";
				SWIFT_VERSION = 3.0;
			};
			name = Release;
		};
		385F16C61DBE7F23008E13C6 /* Debug */ = {
			isa = XCBuildConfiguration;
			buildSettings = {
				ALWAYS_EMBED_SWIFT_STANDARD_LIBRARIES = YES;
				BUNDLE_LOADER = "$(TEST_HOST)";
				INFOPLIST_FILE = MiraclePillTests/Info.plist;
				LD_RUNPATH_SEARCH_PATHS = "$(inherited) @executable_path/Frameworks @loader_path/Frameworks";
				PRODUCT_BUNDLE_IDENTIFIER = Ozair.MiraclePillTests;
				PRODUCT_NAME = "$(TARGET_NAME)";
				SWIFT_VERSION = 3.0;
				TEST_HOST = "$(BUILT_PRODUCTS_DIR)/MiraclePill.app/MiraclePill";
			};
			name = Debug;
		};
		385F16C71DBE7F23008E13C6 /* Release */ = {
			isa = XCBuildConfiguration;
			buildSettings = {
				ALWAYS_EMBED_SWIFT_STANDARD_LIBRARIES = YES;
				BUNDLE_LOADER = "$(TEST_HOST)";
				INFOPLIST_FILE = MiraclePillTests/Info.plist;
				LD_RUNPATH_SEARCH_PATHS = "$(inherited) @executable_path/Frameworks @loader_path/Frameworks";
				PRODUCT_BUNDLE_IDENTIFIER = Ozair.MiraclePillTests;
				PRODUCT_NAME = "$(TARGET_NAME)";
				SWIFT_VERSION = 3.0;
				TEST_HOST = "$(BUILT_PRODUCTS_DIR)/MiraclePill.app/MiraclePill";
			};
			name = Release;
		};
		385F16C91DBE7F23008E13C6 /* Debug */ = {
			isa = XCBuildConfiguration;
			buildSettings = {
				ALWAYS_EMBED_SWIFT_STANDARD_LIBRARIES = YES;
				INFOPLIST_FILE = MiraclePillUITests/Info.plist;
				LD_RUNPATH_SEARCH_PATHS = "$(inherited) @executable_path/Frameworks @loader_path/Frameworks";
				PRODUCT_BUNDLE_IDENTIFIER = Ozair.MiraclePillUITests;
				PRODUCT_NAME = "$(TARGET_NAME)";
				SWIFT_VERSION = 3.0;
				TEST_TARGET_NAME = MiraclePill;
			};
			name = Debug;
		};
		385F16CA1DBE7F23008E13C6 /* Release */ = {
			isa = XCBuildConfiguration;
			buildSettings = {
				ALWAYS_EMBED_SWIFT_STANDARD_LIBRARIES = YES;
				INFOPLIST_FILE = MiraclePillUITests/Info.plist;
				LD_RUNPATH_SEARCH_PATHS = "$(inherited) @executable_path/Frameworks @loader_path/Frameworks";
				PRODUCT_BUNDLE_IDENTIFIER = Ozair.MiraclePillUITests;
				PRODUCT_NAME = "$(TARGET_NAME)";
				SWIFT_VERSION = 3.0;
				TEST_TARGET_NAME = MiraclePill;
			};
			name = Release;
		};
/* End XCBuildConfiguration section */

/* Begin XCConfigurationList section */
		385F16951DBE7F22008E13C6 /* Build configuration list for PBXProject "MiraclePill" */ = {
			isa = XCConfigurationList;
			buildConfigurations = (
				385F16C01DBE7F23008E13C6 /* Debug */,
				385F16C11DBE7F23008E13C6 /* Release */,
			);
			defaultConfigurationIsVisible = 0;
			defaultConfigurationName = Release;
		};
		385F16C21DBE7F23008E13C6 /* Build configuration list for PBXNativeTarget "MiraclePill" */ = {
			isa = XCConfigurationList;
			buildConfigurations = (
				385F16C31DBE7F23008E13C6 /* Debug */,
				385F16C41DBE7F23008E13C6 /* Release */,
			);
			defaultConfigurationIsVisible = 0;
		};
		385F16C51DBE7F23008E13C6 /* Build configuration list for PBXNativeTarget "MiraclePillTests" */ = {
			isa = XCConfigurationList;
			buildConfigurations = (
				385F16C61DBE7F23008E13C6 /* Debug */,
				385F16C71DBE7F23008E13C6 /* Release */,
			);
			defaultConfigurationIsVisible = 0;
		};
		385F16C81DBE7F23008E13C6 /* Build configuration list for PBXNativeTarget "MiraclePillUITests" */ = {
			isa = XCConfigurationList;
			buildConfigurations = (
				385F16C91DBE7F23008E13C6 /* Debug */,
				385F16CA1DBE7F23008E13C6 /* Release */,
			);
			defaultConfigurationIsVisible = 0;
		};
/* End XCConfigurationList section */
	};
	rootObject = 385F16921DBE7F22008E13C6 /* Project object */;
}
